
Microsoft Visual Studio Solution File, Format Version 12.00
# Visual Studio 15
VisualStudioVersion = 15.0.26730.12
MinimumVisualStudioVersion = 10.0.40219.1
Project("{FAE04EC0-301F-11D3-BF4B-00C04F79EFBC}") = "Rozdzial 2 - program -4", "Rozdzial 2 - program -4\Rozdzial 2 - program -4.csproj", "{ACE0365A-8F03-4FB8-9C9C-DB3926ED9E8F}"
EndProject
Global
	GlobalSection(SolutionConfigurationPlatforms) = preSolution
		Debug|Any CPU = Debug|Any CPU
		Release|Any CPU = Release|Any CPU
	EndGlobalSection
	GlobalSection(ProjectConfigurationPlatforms) = postSolution
		{ACE0365A-8F03-4FB8-9C9C-DB3926ED9E8F}.Debug|Any CPU.ActiveCfg = Debug|Any CPU
		{ACE0365A-8F03-4FB8-9C9C-DB3926ED9E8F}.Debug|Any CPU.Build.0 = Debug|Any CPU
		{ACE0365A-8F03-4FB8-9C9C-DB3926ED9E8F}.Release|Any CPU.ActiveCfg = Release|Any CPU
		{ACE0365A-8F03-4FB8-9C9C-DB3926ED9E8F}.Release|Any CPU.Build.0 = Release|Any CPU
	EndGlobalSection
	GlobalSection(SolutionProperties) = preSolution
		HideSolutionNode = FALSE
	EndGlobalSection
	GlobalSection(ExtensibilityGlobals) = postSolution
		SolutionGuid = {262E5199-8D7E-44AE-9A86-804F12B6E5F1}
	EndGlobalSection
EndGlobal
